
Microsoft Visual Studio Solution File, Format Version 12.00
# Visual Studio Version 17
VisualStudioVersion = 17.13.35919.96 d17.13
MinimumVisualStudioVersion = 10.0.40219.1
Project("{FAE04EC0-301F-11D3-BF4B-00C04F79EFBC}") = "Laba10", "Laba10.csproj", "{8605692D-4655-4504-8EA7-3DB16C0A9CA9}"
EndProject
Global
	GlobalSection(SolutionConfigurationPlatforms) = preSolution
		Debug|Any CPU = Debug|Any CPU
		Release|Any CPU = Release|Any CPU
	EndGlobalSection
	GlobalSection(ProjectConfigurationPlatforms) = postSolution
		{8605692D-4655-4504-8EA7-3DB16C0A9CA9}.Debug|Any CPU.ActiveCfg = Debug|Any CPU
		{8605692D-4655-4504-8EA7-3DB16C0A9CA9}.Debug|Any CPU.Build.0 = Debug|Any CPU
		{8605692D-4655-4504-8EA7-3DB16C0A9CA9}.Release|Any CPU.ActiveCfg = Release|Any CPU
		{8605692D-4655-4504-8EA7-3DB16C0A9CA9}.Release|Any CPU.Build.0 = Release|Any CPU
	EndGlobalSection
	GlobalSection(SolutionProperties) = preSolution
		HideSolutionNode = FALSE
	EndGlobalSection
	GlobalSection(ExtensibilityGlobals) = postSolution
		SolutionGuid = {CC870F22-6A93-48F5-B7CC-2B8040886BC9}
	EndGlobalSection
EndGlobal
